
Microsoft Visual Studio Solution File, Format Version 10.00
# Visual C# Express 2008
Project("{FAE04EC0-301F-11D3-BF4B-00C04F79EFBC}") = "gcsTextEdit", "gcsTextEdit\gcsTextEdit.csproj", "{EF6F9898-510A-4114-82F1-93085AA9728D}"
EndProject
Project("{FAE04EC0-301F-11D3-BF4B-00C04F79EFBC}") = "test", "test\test.csproj", "{0A3AF7EA-9A5D-4A96-8033-8E37CF6F0FC4}"
EndProject
Global
	GlobalSection(SolutionConfigurationPlatforms) = preSolution
		Debug|Any CPU = Debug|Any CPU
		Release|Any CPU = Release|Any CPU
	EndGlobalSection
	GlobalSection(ProjectConfigurationPlatforms) = postSolution
		{EF6F9898-510A-4114-82F1-93085AA9728D}.Debug|Any CPU.ActiveCfg = Debug|Any CPU
		{EF6F9898-510A-4114-82F1-93085AA9728D}.Debug|Any CPU.Build.0 = Debug|Any CPU
		{EF6F9898-510A-4114-82F1-93085AA9728D}.Release|Any CPU.ActiveCfg = Release|Any CPU
		{EF6F9898-510A-4114-82F1-93085AA9728D}.Release|Any CPU.Build.0 = Release|Any CPU
		{0A3AF7EA-9A5D-4A96-8033-8E37CF6F0FC4}.Debug|Any CPU.ActiveCfg = Debug|Any CPU
		{0A3AF7EA-9A5D-4A96-8033-8E37CF6F0FC4}.Debug|Any CPU.Build.0 = Debug|Any CPU
		{0A3AF7EA-9A5D-4A96-8033-8E37CF6F0FC4}.Release|Any CPU.ActiveCfg = Release|Any CPU
		{0A3AF7EA-9A5D-4A96-8033-8E37CF6F0FC4}.Release|Any CPU.Build.0 = Release|Any CPU
	EndGlobalSection
	GlobalSection(SolutionProperties) = preSolution
		HideSolutionNode = FALSE
	EndGlobalSection
EndGlobal
