
Microsoft Visual Studio Solution File, Format Version 10.00
# Visual C++ Express 2008
Project("{8BC9CEB8-8B4A-11D0-8D11-00A0C91BC942}") = "wv2", "wv2\wv2.vcproj", "{99B52B64-494F-4FD5-8BED-3E5615EF4BA8}"
EndProject
Project("{8BC9CEB8-8B4A-11D0-8D11-00A0C91BC942}") = "wv3", "wv3\wv3.vcproj", "{DBC3EEE4-B26E-4965-B509-0820F269D438}"
EndProject
Global
	GlobalSection(SolutionConfigurationPlatforms) = preSolution
		Debug|Win32 = Debug|Win32
		Release|Win32 = Release|Win32
	EndGlobalSection
	GlobalSection(ProjectConfigurationPlatforms) = postSolution
		{99B52B64-494F-4FD5-8BED-3E5615EF4BA8}.Debug|Win32.ActiveCfg = Debug|Win32
		{99B52B64-494F-4FD5-8BED-3E5615EF4BA8}.Debug|Win32.Build.0 = Debug|Win32
		{99B52B64-494F-4FD5-8BED-3E5615EF4BA8}.Release|Win32.ActiveCfg = Release|Win32
		{99B52B64-494F-4FD5-8BED-3E5615EF4BA8}.Release|Win32.Build.0 = Release|Win32
		{DBC3EEE4-B26E-4965-B509-0820F269D438}.Debug|Win32.ActiveCfg = Debug|Win32
		{DBC3EEE4-B26E-4965-B509-0820F269D438}.Debug|Win32.Build.0 = Debug|Win32
		{DBC3EEE4-B26E-4965-B509-0820F269D438}.Release|Win32.ActiveCfg = Release|Win32
		{DBC3EEE4-B26E-4965-B509-0820F269D438}.Release|Win32.Build.0 = Release|Win32
	EndGlobalSection
	GlobalSection(SolutionProperties) = preSolution
		HideSolutionNode = FALSE
	EndGlobalSection
EndGlobal
